
Microsoft Visual Studio Solution File, Format Version 12.00
# Visual Studio Version 17
VisualStudioVersion = 17.8.34330.188
MinimumVisualStudioVersion = 10.0.40219.1
Project("{FAE04EC0-301F-11D3-BF4B-00C04F79EFBC}") = "restaurant-app-API", "restaurant-app-API.csproj", "{BC71E56F-FE9E-4064-A832-B43B687AB8A2}"
EndProject
Global
	GlobalSection(SolutionConfigurationPlatforms) = preSolution
		Debug|Any CPU = Debug|Any CPU
		Release|Any CPU = Release|Any CPU
	EndGlobalSection
	GlobalSection(ProjectConfigurationPlatforms) = postSolution
		{BC71E56F-FE9E-4064-A832-B43B687AB8A2}.Debug|Any CPU.ActiveCfg = Debug|Any CPU
		{BC71E56F-FE9E-4064-A832-B43B687AB8A2}.Debug|Any CPU.Build.0 = Debug|Any CPU
		{BC71E56F-FE9E-4064-A832-B43B687AB8A2}.Release|Any CPU.ActiveCfg = Release|Any CPU
		{BC71E56F-FE9E-4064-A832-B43B687AB8A2}.Release|Any CPU.Build.0 = Release|Any CPU
	EndGlobalSection
	GlobalSection(SolutionProperties) = preSolution
		HideSolutionNode = FALSE
	EndGlobalSection
	GlobalSection(ExtensibilityGlobals) = postSolution
		SolutionGuid = {AC4DFE9F-F4EC-4CC1-836A-E0C49F28B24A}
	EndGlobalSection
EndGlobal
